
Microsoft Visual Studio Solution File, Format Version 12.00
# Visual Studio Version 16
VisualStudioVersion = 16.0.29230.61
MinimumVisualStudioVersion = 10.0.40219.1
Project("{FAE04EC0-301F-11D3-BF4B-00C04F79EFBC}") = "BlazorBasic", "BlazorBasic\BlazorBasic.csproj", "{23C6B886-ED37-47FC-A2BB-764BDF2F9B69}"
EndProject
Global
	GlobalSection(SolutionConfigurationPlatforms) = preSolution
		Debug|Any CPU = Debug|Any CPU
		Release|Any CPU = Release|Any CPU
	EndGlobalSection
	GlobalSection(ProjectConfigurationPlatforms) = postSolution
		{23C6B886-ED37-47FC-A2BB-764BDF2F9B69}.Debug|Any CPU.ActiveCfg = Debug|Any CPU
		{23C6B886-ED37-47FC-A2BB-764BDF2F9B69}.Debug|Any CPU.Build.0 = Debug|Any CPU
		{23C6B886-ED37-47FC-A2BB-764BDF2F9B69}.Release|Any CPU.ActiveCfg = Release|Any CPU
		{23C6B886-ED37-47FC-A2BB-764BDF2F9B69}.Release|Any CPU.Build.0 = Release|Any CPU
	EndGlobalSection
	GlobalSection(SolutionProperties) = preSolution
		HideSolutionNode = FALSE
	EndGlobalSection
	GlobalSection(ExtensibilityGlobals) = postSolution
		SolutionGuid = {69E6063C-D6D3-4ADE-AD00-A1B3B9497FE0}
	EndGlobalSection
EndGlobal
