
Microsoft Visual Studio Solution File, Format Version 12.00
# Visual Studio Version 16
VisualStudioVersion = 16.0.29230.61
MinimumVisualStudioVersion = 10.0.40219.1
Project("{9A19103F-16F7-4668-BE54-9A1E7A4F7556}") = "BlazorWithspinnerControl", "BlazorWithspinnerControl.csproj", "{844F422C-B8C6-4B89-AFF6-042683CFB620}"
EndProject
Global
	GlobalSection(SolutionConfigurationPlatforms) = preSolution
		Debug|Any CPU = Debug|Any CPU
		Release|Any CPU = Release|Any CPU
	EndGlobalSection
	GlobalSection(ProjectConfigurationPlatforms) = postSolution
		{844F422C-B8C6-4B89-AFF6-042683CFB620}.Debug|Any CPU.ActiveCfg = Debug|Any CPU
		{844F422C-B8C6-4B89-AFF6-042683CFB620}.Debug|Any CPU.Build.0 = Debug|Any CPU
		{844F422C-B8C6-4B89-AFF6-042683CFB620}.Release|Any CPU.ActiveCfg = Release|Any CPU
		{844F422C-B8C6-4B89-AFF6-042683CFB620}.Release|Any CPU.Build.0 = Release|Any CPU
	EndGlobalSection
	GlobalSection(SolutionProperties) = preSolution
		HideSolutionNode = FALSE
	EndGlobalSection
	GlobalSection(ExtensibilityGlobals) = postSolution
		SolutionGuid = {17FA236C-FF56-44C6-AE7D-5DFFC5790656}
	EndGlobalSection
EndGlobal
